
Microsoft Visual Studio Solution File, Format Version 12.00
# Visual Studio 2013
VisualStudioVersion = 12.0.30723.0
MinimumVisualStudioVersion = 10.0.40219.1
Project("{FAE04EC0-301F-11D3-BF4B-00C04F79EFBC}") = "01_Observable", "01_Observable\01_Observable.csproj", "{4AAA18D1-329C-46C7-87AB-560912398E06}"
EndProject
Project("{2150E333-8FDC-42A3-9474-1A3956D46DE8}") = "Solution Items", "Solution Items", "{719B2CDF-B04A-4438-9BEA-C9FA0B1C4CF0}"
	ProjectSection(SolutionItems) = preProject
		README.md = README.md
	EndProjectSection
EndProject
Project("{FAE04EC0-301F-11D3-BF4B-00C04F79EFBC}") = "02_Rx_Observable", "02_Rx_Observable\02_Rx_Observable.csproj", "{5DF7EE26-6A78-4CE7-8604-E2E665F2A9F8}"
EndProject
Project("{FAE04EC0-301F-11D3-BF4B-00C04F79EFBC}") = "Core", "Core\Core.csproj", "{047D7C5F-472D-4F16-992E-5CDBF2C838A7}"
EndProject
Project("{2150E333-8FDC-42A3-9474-1A3956D46DE8}") = ".nuget", ".nuget", "{5C07D199-8933-424E-8C5E-15B5874AC6BF}"
	ProjectSection(SolutionItems) = preProject
		.nuget\NuGet.Config = .nuget\NuGet.Config
		.nuget\NuGet.exe = .nuget\NuGet.exe
		.nuget\NuGet.targets = .nuget\NuGet.targets
	EndProjectSection
EndProject
Project("{FAE04EC0-301F-11D3-BF4B-00C04F79EFBC}") = "03_Rx_Query", "03_Rx_Query\03_Rx_Query.csproj", "{9E6D857C-6A14-4157-B8AB-3EDBC7B03B44}"
EndProject
Global
	GlobalSection(SolutionConfigurationPlatforms) = preSolution
		Debug|Any CPU = Debug|Any CPU
		Release|Any CPU = Release|Any CPU
	EndGlobalSection
	GlobalSection(ProjectConfigurationPlatforms) = postSolution
		{4AAA18D1-329C-46C7-87AB-560912398E06}.Debug|Any CPU.ActiveCfg = Debug|Any CPU
		{4AAA18D1-329C-46C7-87AB-560912398E06}.Debug|Any CPU.Build.0 = Debug|Any CPU
		{4AAA18D1-329C-46C7-87AB-560912398E06}.Release|Any CPU.ActiveCfg = Release|Any CPU
		{4AAA18D1-329C-46C7-87AB-560912398E06}.Release|Any CPU.Build.0 = Release|Any CPU
		{5DF7EE26-6A78-4CE7-8604-E2E665F2A9F8}.Debug|Any CPU.ActiveCfg = Debug|Any CPU
		{5DF7EE26-6A78-4CE7-8604-E2E665F2A9F8}.Debug|Any CPU.Build.0 = Debug|Any CPU
		{5DF7EE26-6A78-4CE7-8604-E2E665F2A9F8}.Release|Any CPU.ActiveCfg = Release|Any CPU
		{5DF7EE26-6A78-4CE7-8604-E2E665F2A9F8}.Release|Any CPU.Build.0 = Release|Any CPU
		{047D7C5F-472D-4F16-992E-5CDBF2C838A7}.Debug|Any CPU.ActiveCfg = Debug|Any CPU
		{047D7C5F-472D-4F16-992E-5CDBF2C838A7}.Debug|Any CPU.Build.0 = Debug|Any CPU
		{047D7C5F-472D-4F16-992E-5CDBF2C838A7}.Release|Any CPU.ActiveCfg = Release|Any CPU
		{047D7C5F-472D-4F16-992E-5CDBF2C838A7}.Release|Any CPU.Build.0 = Release|Any CPU
		{9E6D857C-6A14-4157-B8AB-3EDBC7B03B44}.Debug|Any CPU.ActiveCfg = Debug|Any CPU
		{9E6D857C-6A14-4157-B8AB-3EDBC7B03B44}.Debug|Any CPU.Build.0 = Debug|Any CPU
		{9E6D857C-6A14-4157-B8AB-3EDBC7B03B44}.Release|Any CPU.ActiveCfg = Release|Any CPU
		{9E6D857C-6A14-4157-B8AB-3EDBC7B03B44}.Release|Any CPU.Build.0 = Release|Any CPU
	EndGlobalSection
	GlobalSection(SolutionProperties) = preSolution
		HideSolutionNode = FALSE
	EndGlobalSection
EndGlobal
